
Microsoft Visual Studio Solution File, Format Version 12.00
# Visual Studio Version 17
VisualStudioVersion = 17.5.33530.505
MinimumVisualStudioVersion = 10.0.40219.1
Project("{FAE04EC0-301F-11D3-BF4B-00C04F79EFBC}") = "3.2.1-DataTypes", "3.2.1-DataTypes\3.2.1-DataTypes.csproj", "{6DF341CB-CD8D-4D8F-9C28-600D98A6DFB0}"
EndProject
Global
	GlobalSection(SolutionConfigurationPlatforms) = preSolution
		Debug|Any CPU = Debug|Any CPU
		Release|Any CPU = Release|Any CPU
	EndGlobalSection
	GlobalSection(ProjectConfigurationPlatforms) = postSolution
		{6DF341CB-CD8D-4D8F-9C28-600D98A6DFB0}.Debug|Any CPU.ActiveCfg = Debug|Any CPU
		{6DF341CB-CD8D-4D8F-9C28-600D98A6DFB0}.Debug|Any CPU.Build.0 = Debug|Any CPU
		{6DF341CB-CD8D-4D8F-9C28-600D98A6DFB0}.Release|Any CPU.ActiveCfg = Release|Any CPU
		{6DF341CB-CD8D-4D8F-9C28-600D98A6DFB0}.Release|Any CPU.Build.0 = Release|Any CPU
	EndGlobalSection
	GlobalSection(SolutionProperties) = preSolution
		HideSolutionNode = FALSE
	EndGlobalSection
	GlobalSection(ExtensibilityGlobals) = postSolution
		SolutionGuid = {517F2354-C164-4F41-BA81-67B52FC86B5F}
	EndGlobalSection
EndGlobal
